// !$*UTF8*$!
{
	archiveVersion = 1;
	classes = {
	};
	objectVersion = 50;
	objects = {

/* Begin PBXBuildFile section */
		CF42757E210660E000EDBFA7 /* FlickrClient.swift in Sources */ = {isa = PBXBuildFile; fileRef = CF42757D210660E000EDBFA7 /* FlickrClient.swift */; };
		CF4275802106628200EDBFA7 /* PhotoAlbumViewController.swift in Sources */ = {isa = PBXBuildFile; fileRef = CF42757F2106628200EDBFA7 /* PhotoAlbumViewController.swift */; };
		CF4275822106905200EDBFA7 /* FlickrApiKey.swift in Sources */ = {isa = PBXBuildFile; fileRef = CF4275812106905200EDBFA7 /* FlickrApiKey.swift */; };
		CF4275842106911D00EDBFA7 /* FlickrClientConstants.swift in Sources */ = {isa = PBXBuildFile; fileRef = CF4275832106911D00EDBFA7 /* FlickrClientConstants.swift */; };
		CF42758C210695ED00EDBFA7 /* VirtualTouristTests.swift in Sources */ = {isa = PBXBuildFile; fileRef = CF42758B210695ED00EDBFA7 /* VirtualTouristTests.swift */; };
		CF4275932106973900EDBFA7 /* FlickrClient.swift in Sources */ = {isa = PBXBuildFile; fileRef = CF42757D210660E000EDBFA7 /* FlickrClient.swift */; };
		CF4275942106977400EDBFA7 /* FlickrClientConstants.swift in Sources */ = {isa = PBXBuildFile; fileRef = CF4275832106911D00EDBFA7 /* FlickrClientConstants.swift */; };
		CF427595210697AF00EDBFA7 /* FlickrApiKey.swift in Sources */ = {isa = PBXBuildFile; fileRef = CF4275812106905200EDBFA7 /* FlickrApiKey.swift */; };
		CF4275972106D04C00EDBFA7 /* PhotoCollectionViewCell.swift in Sources */ = {isa = PBXBuildFile; fileRef = CF4275962106D04C00EDBFA7 /* PhotoCollectionViewCell.swift */; };
		CF721A6020FD063A0039D501 /* AppDelegate.swift in Sources */ = {isa = PBXBuildFile; fileRef = CF721A5F20FD063A0039D501 /* AppDelegate.swift */; };
		CF721A6220FD063A0039D501 /* TravelLocationsMapViewController.swift in Sources */ = {isa = PBXBuildFile; fileRef = CF721A6120FD063A0039D501 /* TravelLocationsMapViewController.swift */; };
		CF721A6520FD063A0039D501 /* Main.storyboard in Resources */ = {isa = PBXBuildFile; fileRef = CF721A6320FD063A0039D501 /* Main.storyboard */; };
		CF721A6820FD063A0039D501 /* VirtualTourist.xcdatamodeld in Sources */ = {isa = PBXBuildFile; fileRef = CF721A6620FD063A0039D501 /* VirtualTourist.xcdatamodeld */; };
		CF721A6A20FD063B0039D501 /* Assets.xcassets in Resources */ = {isa = PBXBuildFile; fileRef = CF721A6920FD063B0039D501 /* Assets.xcassets */; };
		CF721A6D20FD063B0039D501 /* LaunchScreen.storyboard in Resources */ = {isa = PBXBuildFile; fileRef = CF721A6B20FD063B0039D501 /* LaunchScreen.storyboard */; };
		CF9D369C20FFBEA800746764 /* DataController.swift in Sources */ = {isa = PBXBuildFile; fileRef = CF9D369B20FFBEA800746764 /* DataController.swift */; };
/* End PBXBuildFile section */

/* Begin PBXContainerItemProxy section */
		CF42758E210695ED00EDBFA7 /* PBXContainerItemProxy */ = {
			isa = PBXContainerItemProxy;
			containerPortal = CF721A5420FD063A0039D501 /* Project object */;
			proxyType = 1;
			remoteGlobalIDString = CF721A5B20FD063A0039D501;
			remoteInfo = VirtualTourist;
		};
/* End PBXContainerItemProxy section */

/* Begin PBXFileReference section */
		CF42757D210660E000EDBFA7 /* FlickrClient.swift */ = {isa = PBXFileReference; lastKnownFileType = sourcecode.swift; path = FlickrClient.swift; sourceTree = "<group>"; };
		CF42757F2106628200EDBFA7 /* PhotoAlbumViewController.swift */ = {isa = PBXFileReference; lastKnownFileType = sourcecode.swift; path = PhotoAlbumViewController.swift; sourceTree = "<group>"; };
		CF4275812106905200EDBFA7 /* FlickrApiKey.swift */ = {isa = PBXFileReference; lastKnownFileType = sourcecode.swift; path = FlickrApiKey.swift; sourceTree = "<group>"; };
		CF4275832106911D00EDBFA7 /* FlickrClientConstants.swift */ = {isa = PBXFileReference; lastKnownFileType = sourcecode.swift; path = FlickrClientConstants.swift; sourceTree = "<group>"; };
		CF427589210695ED00EDBFA7 /* VirtualTouristTests.xctest */ = {isa = PBXFileReference; explicitFileType = wrapper.cfbundle; includeInIndex = 0; path = VirtualTouristTests.xctest; sourceTree = BUILT_PRODUCTS_DIR; };
		CF42758B210695ED00EDBFA7 /* VirtualTouristTests.swift */ = {isa = PBXFileReference; lastKnownFileType = sourcecode.swift; path = VirtualTouristTests.swift; sourceTree = "<group>"; };
		CF42758D210695ED00EDBFA7 /* Info.plist */ = {isa = PBXFileReference; lastKnownFileType = text.plist.xml; path = Info.plist; sourceTree = "<group>"; };
		CF4275962106D04C00EDBFA7 /* PhotoCollectionViewCell.swift */ = {isa = PBXFileReference; lastKnownFileType = sourcecode.swift; path = PhotoCollectionViewCell.swift; sourceTree = "<group>"; };
		CF721A5C20FD063A0039D501 /* VirtualTourist.app */ = {isa = PBXFileReference; explicitFileType = wrapper.application; includeInIndex = 0; path = VirtualTourist.app; sourceTree = BUILT_PRODUCTS_DIR; };
		CF721A5F20FD063A0039D501 /* AppDelegate.swift */ = {isa = PBXFileReference; lastKnownFileType = sourcecode.swift; path = AppDelegate.swift; sourceTree = "<group>"; };
		CF721A6120FD063A0039D501 /* TravelLocationsMapViewController.swift */ = {isa = PBXFileReference; lastKnownFileType = sourcecode.swift; path = TravelLocationsMapViewController.swift; sourceTree = "<group>"; };
		CF721A6420FD063A0039D501 /* Base */ = {isa = PBXFileReference; lastKnownFileType = file.storyboard; name = Base; path = Base.lproj/Main.storyboard; sourceTree = "<group>"; };
		CF721A6720FD063A0039D501 /* VirtualTourist.xcdatamodel */ = {isa = PBXFileReference; lastKnownFileType = wrapper.xcdatamodel; path = VirtualTourist.xcdatamodel; sourceTree = "<group>"; };
		CF721A6920FD063B0039D501 /* Assets.xcassets */ = {isa = PBXFileReference; lastKnownFileType = folder.assetcatalog; path = Assets.xcassets; sourceTree = "<group>"; };
		CF721A6C20FD063B0039D501 /* Base */ = {isa = PBXFileReference; lastKnownFileType = file.storyboard; name = Base; path = Base.lproj/LaunchScreen.storyboard; sourceTree = "<group>"; };
		CF721A6E20FD063B0039D501 /* Info.plist */ = {isa = PBXFileReference; lastKnownFileType = text.plist.xml; path = Info.plist; sourceTree = "<group>"; };
		CF9D369B20FFBEA800746764 /* DataController.swift */ = {isa = PBXFileReference; lastKnownFileType = sourcecode.swift; path = DataController.swift; sourceTree = "<group>"; };
/* End PBXFileReference section */

/* Begin PBXFrameworksBuildPhase section */
		CF427586210695ED00EDBFA7 /* Frameworks */ = {
			isa = PBXFrameworksBuildPhase;
			buildActionMask = 2147483647;
			files = (
			);
			runOnlyForDeploymentPostprocessing = 0;
		};
		CF721A5920FD063A0039D501 /* Frameworks */ = {
			isa = PBXFrameworksBuildPhase;
			buildActionMask = 2147483647;
			files = (
			);
			runOnlyForDeploymentPostprocessing = 0;
		};
/* End PBXFrameworksBuildPhase section */

/* Begin PBXGroup section */
		CF42758A210695ED00EDBFA7 /* VirtualTouristTests */ = {
			isa = PBXGroup;
			children = (
				CF42758B210695ED00EDBFA7 /* VirtualTouristTests.swift */,
				CF42758D210695ED00EDBFA7 /* Info.plist */,
			);
			path = VirtualTouristTests;
			sourceTree = "<group>";
		};
		CF721A5320FD063A0039D501 = {
			isa = PBXGroup;
			children = (
				CF721A5E20FD063A0039D501 /* VirtualTourist */,
				CF42758A210695ED00EDBFA7 /* VirtualTouristTests */,
				CF721A5D20FD063A0039D501 /* Products */,
			);
			sourceTree = "<group>";
		};
		CF721A5D20FD063A0039D501 /* Products */ = {
			isa = PBXGroup;
			children = (
				CF721A5C20FD063A0039D501 /* VirtualTourist.app */,
				CF427589210695ED00EDBFA7 /* VirtualTouristTests.xctest */,
			);
			name = Products;
			sourceTree = "<group>";
		};
		CF721A5E20FD063A0039D501 /* VirtualTourist */ = {
			isa = PBXGroup;
			children = (
				CF721A5F20FD063A0039D501 /* AppDelegate.swift */,
				CF721A7820FD09AD0039D501 /* Model */,
				CF721A7720FD09A40039D501 /* View */,
				CF721A7420FD098A0039D501 /* Controller */,
				CF721A6320FD063A0039D501 /* Main.storyboard */,
				CF721A6B20FD063B0039D501 /* LaunchScreen.storyboard */,
				CF721A6920FD063B0039D501 /* Assets.xcassets */,
				CF721A6E20FD063B0039D501 /* Info.plist */,
			);
			path = VirtualTourist;
			sourceTree = "<group>";
		};
		CF721A7420FD098A0039D501 /* Controller */ = {
			isa = PBXGroup;
			children = (
				CF721A6120FD063A0039D501 /* TravelLocationsMapViewController.swift */,
				CF42757F2106628200EDBFA7 /* PhotoAlbumViewController.swift */,
			);
			name = Controller;
			sourceTree = "<group>";
		};
		CF721A7720FD09A40039D501 /* View */ = {
			isa = PBXGroup;
			children = (
				CF4275962106D04C00EDBFA7 /* PhotoCollectionViewCell.swift */,
			);
			name = View;
			sourceTree = "<group>";
		};
		CF721A7820FD09AD0039D501 /* Model */ = {
			isa = PBXGroup;
			children = (
				CF721A6620FD063A0039D501 /* VirtualTourist.xcdatamodeld */,
				CF9D369B20FFBEA800746764 /* DataController.swift */,
				CF42757D210660E000EDBFA7 /* FlickrClient.swift */,
				CF4275832106911D00EDBFA7 /* FlickrClientConstants.swift */,
				CF4275812106905200EDBFA7 /* FlickrApiKey.swift */,
			);
			name = Model;
			sourceTree = "<group>";
		};
/* End PBXGroup section */

/* Begin PBXNativeTarget section */
		CF427588210695ED00EDBFA7 /* VirtualTouristTests */ = {
			isa = PBXNativeTarget;
			buildConfigurationList = CF427590210695ED00EDBFA7 /* Build configuration list for PBXNativeTarget "VirtualTouristTests" */;
			buildPhases = (
				CF427585210695ED00EDBFA7 /* Sources */,
				CF427586210695ED00EDBFA7 /* Frameworks */,
				CF427587210695ED00EDBFA7 /* Resources */,
			);
			buildRules = (
			);
			dependencies = (
				CF42758F210695ED00EDBFA7 /* PBXTargetDependency */,
			);
			name = VirtualTouristTests;
			productName = VirtualTouristTests;
			productReference = CF427589210695ED00EDBFA7 /* VirtualTouristTests.xctest */;
			productType = "com.apple.product-type.bundle.unit-test";
		};
		CF721A5B20FD063A0039D501 /* VirtualTourist */ = {
			isa = PBXNativeTarget;
			buildConfigurationList = CF721A7120FD063B0039D501 /* Build configuration list for PBXNativeTarget "VirtualTourist" */;
			buildPhases = (
				CF721A5820FD063A0039D501 /* Sources */,
				CF721A5920FD063A0039D501 /* Frameworks */,
				CF721A5A20FD063A0039D501 /* Resources */,
			);
			buildRules = (
			);
			dependencies = (
			);
			name = VirtualTourist;
			productName = VirtualTourist;
			productReference = CF721A5C20FD063A0039D501 /* VirtualTourist.app */;
			productType = "com.apple.product-type.application";
		};
/* End PBXNativeTarget section */

/* Begin PBXProject section */
		CF721A5420FD063A0039D501 /* Project object */ = {
			isa = PBXProject;
			attributes = {
				LastSwiftUpdateCheck = 0940;
				LastUpgradeCheck = 0940;
				ORGANIZATIONNAME = "Bernadett Kiss";
				TargetAttributes = {
					CF427588210695ED00EDBFA7 = {
						CreatedOnToolsVersion = 9.4.1;
						TestTargetID = CF721A5B20FD063A0039D501;
					};
					CF721A5B20FD063A0039D501 = {
						CreatedOnToolsVersion = 9.4.1;
					};
				};
			};
			buildConfigurationList = CF721A5720FD063A0039D501 /* Build configuration list for PBXProject "VirtualTourist" */;
			compatibilityVersion = "Xcode 9.3";
			developmentRegion = en;
			hasScannedForEncodings = 0;
			knownRegions = (
				en,
				Base,
			);
			mainGroup = CF721A5320FD063A0039D501;
			productRefGroup = CF721A5D20FD063A0039D501 /* Products */;
			projectDirPath = "";
			projectRoot = "";
			targets = (
				CF721A5B20FD063A0039D501 /* VirtualTourist */,
				CF427588210695ED00EDBFA7 /* VirtualTouristTests */,
			);
		};
/* End PBXProject section */

/* Begin PBXResourcesBuildPhase section */
		CF427587210695ED00EDBFA7 /* Resources */ = {
			isa = PBXResourcesBuildPhase;
			buildActionMask = 2147483647;
			files = (
			);
			runOnlyForDeploymentPostprocessing = 0;
		};
		CF721A5A20FD063A0039D501 /* Resources */ = {
			isa = PBXResourcesBuildPhase;
			buildActionMask = 2147483647;
			files = (
				CF721A6D20FD063B0039D501 /* LaunchScreen.storyboard in Resources */,
				CF721A6A20FD063B0039D501 /* Assets.xcassets in Resources */,
				CF721A6520FD063A0039D501 /* Main.storyboard in Resources */,
			);
			runOnlyForDeploymentPostprocessing = 0;
		};
/* End PBXResourcesBuildPhase section */

/* Begin PBXSourcesBuildPhase section */
		CF427585210695ED00EDBFA7 /* Sources */ = {
			isa = PBXSourcesBuildPhase;
			buildActionMask = 2147483647;
			files = (
				CF4275942106977400EDBFA7 /* FlickrClientConstants.swift in Sources */,
				CF42758C210695ED00EDBFA7 /* VirtualTouristTests.swift in Sources */,
				CF4275932106973900EDBFA7 /* FlickrClient.swift in Sources */,
				CF427595210697AF00EDBFA7 /* FlickrApiKey.swift in Sources */,
			);
			runOnlyForDeploymentPostprocessing = 0;
		};
		CF721A5820FD063A0039D501 /* Sources */ = {
			isa = PBXSourcesBuildPhase;
			buildActionMask = 2147483647;
			files = (
				CF721A6220FD063A0039D501 /* TravelLocationsMapViewController.swift in Sources */,
				CF9D369C20FFBEA800746764 /* DataController.swift in Sources */,
				CF721A6020FD063A0039D501 /* AppDelegate.swift in Sources */,
				CF721A6820FD063A0039D501 /* VirtualTourist.xcdatamodeld in Sources */,
				CF42757E210660E000EDBFA7 /* FlickrClient.swift in Sources */,
				CF4275972106D04C00EDBFA7 /* PhotoCollectionViewCell.swift in Sources */,
				CF4275842106911D00EDBFA7 /* FlickrClientConstants.swift in Sources */,
				CF4275802106628200EDBFA7 /* PhotoAlbumViewController.swift in Sources */,
				CF4275822106905200EDBFA7 /* FlickrApiKey.swift in Sources */,
			);
			runOnlyForDeploymentPostprocessing = 0;
		};
/* End PBXSourcesBuildPhase section */

/* Begin PBXTargetDependency section */
		CF42758F210695ED00EDBFA7 /* PBXTargetDependency */ = {
			isa = PBXTargetDependency;
			target = CF721A5B20FD063A0039D501 /* VirtualTourist */;
			targetProxy = CF42758E210695ED00EDBFA7 /* PBXContainerItemProxy */;
		};
/* End PBXTargetDependency section */

/* Begin PBXVariantGroup section */
		CF721A6320FD063A0039D501 /* Main.storyboard */ = {
			isa = PBXVariantGroup;
			children = (
				CF721A6420FD063A0039D501 /* Base */,
			);
			name = Main.storyboard;
			sourceTree = "<group>";
		};
		CF721A6B20FD063B0039D501 /* LaunchScreen.storyboard */ = {
			isa = PBXVariantGroup;
			children = (
				CF721A6C20FD063B0039D501 /* Base */,
			);
			name = LaunchScreen.storyboard;
			sourceTree = "<group>";
		};
/* End PBXVariantGroup section */

/* Begin XCBuildConfiguration section */
		CF427591210695ED00EDBFA7 /* Debug */ = {
			isa = XCBuildConfiguration;
			buildSettings = {
				BUNDLE_LOADER = "$(TEST_HOST)";
				CODE_SIGN_STYLE = Automatic;
				DEVELOPMENT_TEAM = 5BWY3VMTWF;
				INFOPLIST_FILE = VirtualTouristTests/Info.plist;
				LD_RUNPATH_SEARCH_PATHS = (
					"$(inherited)",
					"@executable_path/Frameworks",
					"@loader_path/Frameworks",
				);
				PRODUCT_BUNDLE_IDENTIFIER = com.bernadettkiss.VirtualTouristTests;
				PRODUCT_NAME = "$(TARGET_NAME)";
				SWIFT_VERSION = 4.0;
				TARGETED_DEVICE_FAMILY = "1,2";
				TEST_HOST = "$(BUILT_PRODUCTS_DIR)/VirtualTourist.app/VirtualTourist";
			};
			name = Debug;
		};
		CF427592210695ED00EDBFA7 /* Release */ = {
			isa = XCBuildConfiguration;
			buildSettings = {
				BUNDLE_LOADER = "$(TEST_HOST)";
				CODE_SIGN_STYLE = Automatic;
				DEVELOPMENT_TEAM = 5BWY3VMTWF;
				INFOPLIST_FILE = VirtualTouristTests/Info.plist;
				LD_RUNPATH_SEARCH_PATHS = (
					"$(inherited)",
					"@executable_path/Frameworks",
					"@loader_path/Frameworks",
				);
				PRODUCT_BUNDLE_IDENTIFIER = com.bernadettkiss.VirtualTouristTests;
				PRODUCT_NAME = "$(TARGET_NAME)";
				SWIFT_VERSION = 4.0;
				TARGETED_DEVICE_FAMILY = "1,2";
				TEST_HOST = "$(BUILT_PRODUCTS_DIR)/VirtualTourist.app/VirtualTourist";
			};
			name = Release;
		};
		CF721A6F20FD063B0039D501 /* Debug */ = {
			isa = XCBuildConfiguration;
			buildSettings = {
				ALWAYS_SEARCH_USER_PATHS = NO;
				CLANG_ANALYZER_NONNULL = YES;
				CLANG_ANALYZER_NUMBER_OBJECT_CONVERSION = YES_AGGRESSIVE;
				CLANG_CXX_LANGUAGE_STANDARD = "gnu++14";
				CLANG_CXX_LIBRARY = "libc++";
				CLANG_ENABLE_MODULES = YES;
				CLANG_ENABLE_OBJC_ARC = YES;
				CLANG_ENABLE_OBJC_WEAK = YES;
				CLANG_WARN_BLOCK_CAPTURE_AUTORELEASING = YES;
				CLANG_WARN_BOOL_CONVERSION = YES;
				CLANG_WARN_COMMA = YES;
				CLANG_WARN_CONSTANT_CONVERSION = YES;
				CLANG_WARN_DEPRECATED_OBJC_IMPLEMENTATIONS = YES;
				CLANG_WARN_DIRECT_OBJC_ISA_USAGE = YES_ERROR;
				CLANG_WARN_DOCUMENTATION_COMMENTS = YES;
				CLANG_WARN_EMPTY_BODY = YES;
				CLANG_WARN_ENUM_CONVERSION = YES;
				CLANG_WARN_INFINITE_RECURSION = YES;
				CLANG_WARN_INT_CONVERSION = YES;
				CLANG_WARN_NON_LITERAL_NULL_CONVERSION = YES;
				CLANG_WARN_OBJC_IMPLICIT_RETAIN_SELF = YES;
				CLANG_WARN_OBJC_LITERAL_CONVERSION = YES;
				CLANG_WARN_OBJC_ROOT_CLASS = YES_ERROR;
				CLANG_WARN_RANGE_LOOP_ANALYSIS = YES;
				CLANG_WARN_STRICT_PROTOTYPES = YES;
				CLANG_WARN_SUSPICIOUS_MOVE = YES;
				CLANG_WARN_UNGUARDED_AVAILABILITY = YES_AGGRESSIVE;
				CLANG_WARN_UNREACHABLE_CODE = YES;
				CLANG_WARN__DUPLICATE_METHOD_MATCH = YES;
				CODE_SIGN_IDENTITY = "iPhone Developer";
				COPY_PHASE_STRIP = NO;
				DEBUG_INFORMATION_FORMAT = dwarf;
				ENABLE_STRICT_OBJC_MSGSEND = YES;
				ENABLE_TESTABILITY = YES;
				GCC_C_LANGUAGE_STANDARD = gnu11;
				GCC_DYNAMIC_NO_PIC = NO;
				GCC_NO_COMMON_BLOCKS = YES;
				GCC_OPTIMIZATION_LEVEL = 0;
				GCC_PREPROCESSOR_DEFINITIONS = (
					"DEBUG=1",
					"$(inherited)",
				);
				GCC_WARN_64_TO_32_BIT_CONVERSION = YES;
				GCC_WARN_ABOUT_RETURN_TYPE = YES_ERROR;
				GCC_WARN_UNDECLARED_SELECTOR = YES;
				GCC_WARN_UNINITIALIZED_AUTOS = YES_AGGRESSIVE;
				GCC_WARN_UNUSED_FUNCTION = YES;
				GCC_WARN_UNUSED_VARIABLE = YES;
				IPHONEOS_DEPLOYMENT_TARGET = 11.4;
				MTL_ENABLE_DEBUG_INFO = YES;
				ONLY_ACTIVE_ARCH = YES;
				SDKROOT = iphoneos;
				SWIFT_ACTIVE_COMPILATION_CONDITIONS = DEBUG;
				SWIFT_OPTIMIZATION_LEVEL = "-Onone";
			};
			name = Debug;
		};
		CF721A7020FD063B0039D501 /* Release */ = {
			isa = XCBuildConfiguration;
			buildSettings = {
				ALWAYS_SEARCH_USER_PATHS = NO;
				CLANG_ANALYZER_NONNULL = YES;
				CLANG_ANALYZER_NUMBER_OBJECT_CONVERSION = YES_AGGRESSIVE;
				CLANG_CXX_LANGUAGE_STANDARD = "gnu++14";
				CLANG_CXX_LIBRARY = "libc++";
				CLANG_ENABLE_MODULES = YES;
				CLANG_ENABLE_OBJC_ARC = YES;
				CLANG_ENABLE_OBJC_WEAK = YES;
				CLANG_WARN_BLOCK_CAPTURE_AUTORELEASING = YES;
				CLANG_WARN_BOOL_CONVERSION = YES;
				CLANG_WARN_COMMA = YES;
				CLANG_WARN_CONSTANT_CONVERSION = YES;
				CLANG_WARN_DEPRECATED_OBJC_IMPLEMENTATIONS = YES;
				CLANG_WARN_DIRECT_OBJC_ISA_USAGE = YES_ERROR;
				CLANG_WARN_DOCUMENTATION_COMMENTS = YES;
				CLANG_WARN_EMPTY_BODY = YES;
				CLANG_WARN_ENUM_CONVERSION = YES;
				CLANG_WARN_INFINITE_RECURSION = YES;
				CLANG_WARN_INT_CONVERSION = YES;
				CLANG_WARN_NON_LITERAL_NULL_CONVERSION = YES;
				CLANG_WARN_OBJC_IMPLICIT_RETAIN_SELF = YES;
				CLANG_WARN_OBJC_LITERAL_CONVERSION = YES;
				CLANG_WARN_OBJC_ROOT_CLASS = YES_ERROR;
				CLANG_WARN_RANGE_LOOP_ANALYSIS = YES;
				CLANG_WARN_STRICT_PROTOTYPES = YES;
				CLANG_WARN_SUSPICIOUS_MOVE = YES;
				CLANG_WARN_UNGUARDED_AVAILABILITY = YES_AGGRESSIVE;
				CLANG_WARN_UNREACHABLE_CODE = YES;
				CLANG_WARN__DUPLICATE_METHOD_MATCH = YES;
				CODE_SIGN_IDENTITY = "iPhone Developer";
				COPY_PHASE_STRIP = NO;
				DEBUG_INFORMATION_FORMAT = "dwarf-with-dsym";
				ENABLE_NS_ASSERTIONS = NO;
				ENABLE_STRICT_OBJC_MSGSEND = YES;
				GCC_C_LANGUAGE_STANDARD = gnu11;
				GCC_NO_COMMON_BLOCKS = YES;
				GCC_WARN_64_TO_32_BIT_CONVERSION = YES;
				GCC_WARN_ABOUT_RETURN_TYPE = YES_ERROR;
				GCC_WARN_UNDECLARED_SELECTOR = YES;
				GCC_WARN_UNINITIALIZED_AUTOS = YES_AGGRESSIVE;
				GCC_WARN_UNUSED_FUNCTION = YES;
				GCC_WARN_UNUSED_VARIABLE = YES;
				IPHONEOS_DEPLOYMENT_TARGET = 11.4;
				MTL_ENABLE_DEBUG_INFO = NO;
				SDKROOT = iphoneos;
				SWIFT_COMPILATION_MODE = wholemodule;
				SWIFT_OPTIMIZATION_LEVEL = "-O";
				VALIDATE_PRODUCT = YES;
			};
			name = Release;
		};
		CF721A7220FD063B0039D501 /* Debug */ = {
			isa = XCBuildConfiguration;
			buildSettings = {
				ASSETCATALOG_COMPILER_APPICON_NAME = AppIcon;
				CODE_SIGN_STYLE = Automatic;
				DEVELOPMENT_TEAM = 5BWY3VMTWF;
				INFOPLIST_FILE = VirtualTourist/Info.plist;
				LD_RUNPATH_SEARCH_PATHS = (
					"$(inherited)",
					"@executable_path/Frameworks",
				);
				PRODUCT_BUNDLE_IDENTIFIER = com.bernadettkiss.VirtualTourist;
				PRODUCT_NAME = "$(TARGET_NAME)";
				SWIFT_VERSION = 4.0;
				TARGETED_DEVICE_FAMILY = "1,2";
			};
			name = Debug;
		};
		CF721A7320FD063B0039D501 /* Release */ = {
			isa = XCBuildConfiguration;
			buildSettings = {
				ASSETCATALOG_COMPILER_APPICON_NAME = AppIcon;
				CODE_SIGN_STYLE = Automatic;
				DEVELOPMENT_TEAM = 5BWY3VMTWF;
				INFOPLIST_FILE = VirtualTourist/Info.plist;
				LD_RUNPATH_SEARCH_PATHS = (
					"$(inherited)",
					"@executable_path/Frameworks",
				);
				PRODUCT_BUNDLE_IDENTIFIER = com.bernadettkiss.VirtualTourist;
				PRODUCT_NAME = "$(TARGET_NAME)";
				SWIFT_VERSION = 4.0;
				TARGETED_DEVICE_FAMILY = "1,2";
			};
			name = Release;
		};
/* End XCBuildConfiguration section */

/* Begin XCConfigurationList section */
		CF427590210695ED00EDBFA7 /* Build configuration list for PBXNativeTarget "VirtualTouristTests" */ = {
			isa = XCConfigurationList;
			buildConfigurations = (
				CF427591210695ED00EDBFA7 /* Debug */,
				CF427592210695ED00EDBFA7 /* Release */,
			);
			defaultConfigurationIsVisible = 0;
			defaultConfigurationName = Release;
		};
		CF721A5720FD063A0039D501 /* Build configuration list for PBXProject "VirtualTourist" */ = {
			isa = XCConfigurationList;
			buildConfigurations = (
				CF721A6F20FD063B0039D501 /* Debug */,
				CF721A7020FD063B0039D501 /* Release */,
			);
			defaultConfigurationIsVisible = 0;
			defaultConfigurationName = Release;
		};
		CF721A7120FD063B0039D501 /* Build configuration list for PBXNativeTarget "VirtualTourist" */ = {
			isa = XCConfigurationList;
			buildConfigurations = (
				CF721A7220FD063B0039D501 /* Debug */,
				CF721A7320FD063B0039D501 /* Release */,
			);
			defaultConfigurationIsVisible = 0;
			defaultConfigurationName = Release;
		};
/* End XCConfigurationList section */

/* Begin XCVersionGroup section */
		CF721A6620FD063A0039D501 /* VirtualTourist.xcdatamodeld */ = {
			isa = XCVersionGroup;
			children = (
				CF721A6720FD063A0039D501 /* VirtualTourist.xcdatamodel */,
			);
			currentVersion = CF721A6720FD063A0039D501 /* VirtualTourist.xcdatamodel */;
			path = VirtualTourist.xcdatamodeld;
			sourceTree = "<group>";
			versionGroupType = wrapper.xcdatamodel;
		};
/* End XCVersionGroup section */
	};
	rootObject = CF721A5420FD063A0039D501 /* Project object */;
}
